
Microsoft Visual Studio Solution File, Format Version 12.00
# Visual Studio 14
VisualStudioVersion = 14.0.25420.1
MinimumVisualStudioVersion = 10.0.40219.1
Project("{FAE04EC0-301F-11D3-BF4B-00C04F79EFBC}") = "SimpleIOCContainer", "SimpleIOCContainer\SimpleIOCContainer.csproj", "{1ECF7B45-49BE-4FEF-AA08-CB25C9F0AFA9}"
EndProject
Project("{2150E333-8FDC-42A3-9474-1A3956D46DE8}") = "Services", "Services", "{BB18D11B-6C43-4D64-A8D4-42698D6E562D}"
EndProject
Project("{FAE04EC0-301F-11D3-BF4B-00C04F79EFBC}") = "SimpleIOCContainer.IServices", "SimpleIOCContainer.IServices\SimpleIOCContainer.IServices.csproj", "{A027D0C9-3B30-4FCA-B5F7-CDC4A3A9EC81}"
EndProject
Project("{FAE04EC0-301F-11D3-BF4B-00C04F79EFBC}") = "SimpleIOCContainer.Services", "SimpleIOCContainer.Services\SimpleIOCContainer.Services.csproj", "{F942719E-9E20-44CE-90FF-63650F277F8C}"
EndProject
Project("{2150E333-8FDC-42A3-9474-1A3956D46DE8}") = "Common", "Common", "{CDDAFF8E-4F52-409D-BD89-6F983F6F7532}"
EndProject
Project("{FAE04EC0-301F-11D3-BF4B-00C04F79EFBC}") = "SimpleIOCContainer.Library", "SimpleIOCContainer.Library\SimpleIOCContainer.Library.csproj", "{17CDB96B-88AC-4DE7-8193-890D4CA89AE3}"
EndProject
Global
	GlobalSection(SolutionConfigurationPlatforms) = preSolution
		Debug|Any CPU = Debug|Any CPU
		Release|Any CPU = Release|Any CPU
	EndGlobalSection
	GlobalSection(ProjectConfigurationPlatforms) = postSolution
		{1ECF7B45-49BE-4FEF-AA08-CB25C9F0AFA9}.Debug|Any CPU.ActiveCfg = Debug|Any CPU
		{1ECF7B45-49BE-4FEF-AA08-CB25C9F0AFA9}.Debug|Any CPU.Build.0 = Debug|Any CPU
		{1ECF7B45-49BE-4FEF-AA08-CB25C9F0AFA9}.Release|Any CPU.ActiveCfg = Release|Any CPU
		{1ECF7B45-49BE-4FEF-AA08-CB25C9F0AFA9}.Release|Any CPU.Build.0 = Release|Any CPU
		{A027D0C9-3B30-4FCA-B5F7-CDC4A3A9EC81}.Debug|Any CPU.ActiveCfg = Debug|Any CPU
		{A027D0C9-3B30-4FCA-B5F7-CDC4A3A9EC81}.Debug|Any CPU.Build.0 = Debug|Any CPU
		{A027D0C9-3B30-4FCA-B5F7-CDC4A3A9EC81}.Release|Any CPU.ActiveCfg = Release|Any CPU
		{A027D0C9-3B30-4FCA-B5F7-CDC4A3A9EC81}.Release|Any CPU.Build.0 = Release|Any CPU
		{F942719E-9E20-44CE-90FF-63650F277F8C}.Debug|Any CPU.ActiveCfg = Debug|Any CPU
		{F942719E-9E20-44CE-90FF-63650F277F8C}.Debug|Any CPU.Build.0 = Debug|Any CPU
		{F942719E-9E20-44CE-90FF-63650F277F8C}.Release|Any CPU.ActiveCfg = Release|Any CPU
		{F942719E-9E20-44CE-90FF-63650F277F8C}.Release|Any CPU.Build.0 = Release|Any CPU
		{17CDB96B-88AC-4DE7-8193-890D4CA89AE3}.Debug|Any CPU.ActiveCfg = Debug|Any CPU
		{17CDB96B-88AC-4DE7-8193-890D4CA89AE3}.Debug|Any CPU.Build.0 = Debug|Any CPU
		{17CDB96B-88AC-4DE7-8193-890D4CA89AE3}.Release|Any CPU.ActiveCfg = Release|Any CPU
		{17CDB96B-88AC-4DE7-8193-890D4CA89AE3}.Release|Any CPU.Build.0 = Release|Any CPU
	EndGlobalSection
	GlobalSection(SolutionProperties) = preSolution
		HideSolutionNode = FALSE
	EndGlobalSection
	GlobalSection(NestedProjects) = preSolution
		{A027D0C9-3B30-4FCA-B5F7-CDC4A3A9EC81} = {BB18D11B-6C43-4D64-A8D4-42698D6E562D}
		{F942719E-9E20-44CE-90FF-63650F277F8C} = {BB18D11B-6C43-4D64-A8D4-42698D6E562D}
		{17CDB96B-88AC-4DE7-8193-890D4CA89AE3} = {CDDAFF8E-4F52-409D-BD89-6F983F6F7532}
	EndGlobalSection
EndGlobal
